<Solution>
  <Project Path="Application/Application.csproj" Id="8ae7d877-3f9e-474c-8929-b1369c3fff0b" />
  <Project Path="Domain/Domain.csproj" Id="e58df4f8-c2f3-4b68-a5dc-56df81659abc" />
  <Project Path="Infrastructure/Infrastructure.csproj" Id="c95c244c-46b3-4c9c-8efe-cab5f2c9687e" />
  <Project Path="Presentation.WebApp/Presentation.WebApp.csproj" />
</Solution>
